
Microsoft Visual Studio Solution File, Format Version 12.00
# Visual Studio Version 16
VisualStudioVersion = 16.0.30621.155
MinimumVisualStudioVersion = 10.0.40219.1
Project("{FAE04EC0-301F-11D3-BF4B-00C04F79EFBC}") = "Tiny Library Book Store Management System", "Tiny Library Book Store Management System.csproj", "{9ACF5C7B-F7A4-4087-8032-DAFC2D0290DB}"
EndProject
Global
	GlobalSection(SolutionConfigurationPlatforms) = preSolution
		Debug|Any CPU = Debug|Any CPU
		Release|Any CPU = Release|Any CPU
	EndGlobalSection
	GlobalSection(ProjectConfigurationPlatforms) = postSolution
		{9ACF5C7B-F7A4-4087-8032-DAFC2D0290DB}.Debug|Any CPU.ActiveCfg = Debug|Any CPU
		{9ACF5C7B-F7A4-4087-8032-DAFC2D0290DB}.Debug|Any CPU.Build.0 = Debug|Any CPU
		{9ACF5C7B-F7A4-4087-8032-DAFC2D0290DB}.Release|Any CPU.ActiveCfg = Release|Any CPU
		{9ACF5C7B-F7A4-4087-8032-DAFC2D0290DB}.Release|Any CPU.Build.0 = Release|Any CPU
	EndGlobalSection
	GlobalSection(SolutionProperties) = preSolution
		HideSolutionNode = FALSE
	EndGlobalSection
	GlobalSection(ExtensibilityGlobals) = postSolution
		SolutionGuid = {2A31E1E6-23D3-404C-A5DD-A0B59EFB8C4D}
	EndGlobalSection
EndGlobal
